// !$*UTF8*$!
{
	archiveVersion = 1;
	classes = {
	};
	objectVersion = 46;
	objects = {

/* Begin PBXBuildFile section */
		286526052357269600BF3432 /* Common-Info.plist in Resources */ = {isa = PBXBuildFile; fileRef = 286526042357269600BF3432 /* Common-Info.plist */; };
		288BF6B4235ADDDC004C07E6 /* GLog.m in Sources */ = {isa = PBXBuildFile; fileRef = 288BF6B2235ADDDC004C07E6 /* GLog.m */; };
		288BF6B5235ADDDC004C07E6 /* GLog.m in Sources */ = {isa = PBXBuildFile; fileRef = 288BF6B2235ADDDC004C07E6 /* GLog.m */; };
		288BF6B8235ADE1E004C07E6 /* NSafe.m in Sources */ = {isa = PBXBuildFile; fileRef = 288BF6B6235ADE1E004C07E6 /* NSafe.m */; };
		288BF6B9235ADE1E004C07E6 /* NSafe.m in Sources */ = {isa = PBXBuildFile; fileRef = 288BF6B6235ADE1E004C07E6 /* NSafe.m */; };
		288BF6BC235ADF78004C07E6 /* NDataUtil.m in Sources */ = {isa = PBXBuildFile; fileRef = 288BF6BB235ADF78004C07E6 /* NDataUtil.m */; };
		288BF6BD235ADF78004C07E6 /* NDataUtil.m in Sources */ = {isa = PBXBuildFile; fileRef = 288BF6BB235ADF78004C07E6 /* NDataUtil.m */; };
		28CE4CC6235728F100803122 /* Localizable.strings in Resources */ = {isa = PBXBuildFile; fileRef = 28CE4BB6235728F100803122 /* Localizable.strings */; };
		28CE4CC7235728F100803122 /* InfoPlist.strings in Resources */ = {isa = PBXBuildFile; fileRef = 28CE4BB8235728F100803122 /* InfoPlist.strings */; };
		28DB818223572EBD00796E3A /* AppDelegate.m in Sources */ = {isa = PBXBuildFile; fileRef = 28DB818123572EBD00796E3A /* AppDelegate.m */; };
		28DB818523572ED300796E3A /* Images.xcassets in Resources */ = {isa = PBXBuildFile; fileRef = 28DB818423572ED200796E3A /* Images.xcassets */; };
		28DB820A235730D200796E3A /* NSMutableArray+NSafe.m in Sources */ = {isa = PBXBuildFile; fileRef = 28DB81C2235730D200796E3A /* NSMutableArray+NSafe.m */; };
		28DB820B235730D200796E3A /* NSMutableArray+NSafe.m in Sources */ = {isa = PBXBuildFile; fileRef = 28DB81C2235730D200796E3A /* NSMutableArray+NSafe.m */; };
		28DB820C235730D200796E3A /* NSDictionary+NSafe.m in Sources */ = {isa = PBXBuildFile; fileRef = 28DB81C4235730D200796E3A /* NSDictionary+NSafe.m */; };
		28DB820D235730D200796E3A /* NSDictionary+NSafe.m in Sources */ = {isa = PBXBuildFile; fileRef = 28DB81C4235730D200796E3A /* NSDictionary+NSafe.m */; };
		28DB820E235730D200796E3A /* NSString+NSafe.m in Sources */ = {isa = PBXBuildFile; fileRef = 28DB81C5235730D200796E3A /* NSString+NSafe.m */; };
		28DB820F235730D200796E3A /* NSString+NSafe.m in Sources */ = {isa = PBXBuildFile; fileRef = 28DB81C5235730D200796E3A /* NSString+NSafe.m */; };
		28DB8210235730D200796E3A /* NSSet+NSafe.m in Sources */ = {isa = PBXBuildFile; fileRef = 28DB81C7235730D200796E3A /* NSSet+NSafe.m */; };
		28DB8211235730D200796E3A /* NSSet+NSafe.m in Sources */ = {isa = PBXBuildFile; fileRef = 28DB81C7235730D200796E3A /* NSSet+NSafe.m */; };
		28DB8212235730D200796E3A /* NSArray+NSafe.m in Sources */ = {isa = PBXBuildFile; fileRef = 28DB81C8235730D200796E3A /* NSArray+NSafe.m */; };
		28DB8213235730D200796E3A /* NSArray+NSafe.m in Sources */ = {isa = PBXBuildFile; fileRef = 28DB81C8235730D200796E3A /* NSArray+NSafe.m */; };
		28DB8214235730D200796E3A /* NSObject+NSafe.m in Sources */ = {isa = PBXBuildFile; fileRef = 28DB81CD235730D200796E3A /* NSObject+NSafe.m */; };
		28DB8215235730D200796E3A /* NSObject+NSafe.m in Sources */ = {isa = PBXBuildFile; fileRef = 28DB81CD235730D200796E3A /* NSObject+NSafe.m */; };
		28DB8246235730D200796E3A /* Reachability.m in Sources */ = {isa = PBXBuildFile; fileRef = 28DB8202235730D200796E3A /* Reachability.m */; };
		28DB8247235730D200796E3A /* Reachability.m in Sources */ = {isa = PBXBuildFile; fileRef = 28DB8202235730D200796E3A /* Reachability.m */; };
		28DB8248235730D200796E3A /* FTDeviceInfoUtils.m in Sources */ = {isa = PBXBuildFile; fileRef = 28DB8205235730D200796E3A /* FTDeviceInfoUtils.m */; };
		28DB8249235730D200796E3A /* FTDeviceInfoUtils.m in Sources */ = {isa = PBXBuildFile; fileRef = 28DB8205235730D200796E3A /* FTDeviceInfoUtils.m */; };
		28DB824A235730D200796E3A /* GNetStatus.m in Sources */ = {isa = PBXBuildFile; fileRef = 28DB8207235730D200796E3A /* GNetStatus.m */; };
		28DB824B235730D200796E3A /* GNetStatus.m in Sources */ = {isa = PBXBuildFile; fileRef = 28DB8207235730D200796E3A /* GNetStatus.m */; };
		28DB824C235730D200796E3A /* FOWebService.m in Sources */ = {isa = PBXBuildFile; fileRef = 28DB8208235730D200796E3A /* FOWebService.m */; };
		28DB824D235730D200796E3A /* FOWebService.m in Sources */ = {isa = PBXBuildFile; fileRef = 28DB8208235730D200796E3A /* FOWebService.m */; };
		28DB8284235735F800796E3A /* Localizable.strings in Resources */ = {isa = PBXBuildFile; fileRef = 28DB827B235735F800796E3A /* Localizable.strings */; };
		28DB8285235735F800796E3A /* InfoPlist.strings in Resources */ = {isa = PBXBuildFile; fileRef = 28DB827D235735F800796E3A /* InfoPlist.strings */; };
		28DB8286235735F800796E3A /* Localizable.strings in Resources */ = {isa = PBXBuildFile; fileRef = 28DB8280235735F800796E3A /* Localizable.strings */; };
		28DB8287235735F800796E3A /* InfoPlist.strings in Resources */ = {isa = PBXBuildFile; fileRef = 28DB8282235735F800796E3A /* InfoPlist.strings */; };
		28DB828D2357360700796E3A /* Localizable.strings in Resources */ = {isa = PBXBuildFile; fileRef = 28DB82892357360700796E3A /* Localizable.strings */; };
		28DB828E2357360700796E3A /* InfoPlist.strings in Resources */ = {isa = PBXBuildFile; fileRef = 28DB828B2357360700796E3A /* InfoPlist.strings */; };
		4712177E1B79E52436519E9F /* Pods_Common_Example.framework in Frameworks */ = {isa = PBXBuildFile; fileRef = B6AF745C73D6637D3B53DCC9 /* Pods_Common_Example.framework */; };
		6003F59A195388D20070C39A /* main.m in Sources */ = {isa = PBXBuildFile; fileRef = 6003F599195388D20070C39A /* main.m */; };
		6003F5B0195388D20070C39A /* XCTest.framework in Frameworks */ = {isa = PBXBuildFile; fileRef = 6003F5AF195388D20070C39A /* XCTest.framework */; };
		6003F5B1195388D20070C39A /* Foundation.framework in Frameworks */ = {isa = PBXBuildFile; fileRef = 6003F58D195388D20070C39A /* Foundation.framework */; };
		6003F5B2195388D20070C39A /* UIKit.framework in Frameworks */ = {isa = PBXBuildFile; fileRef = 6003F591195388D20070C39A /* UIKit.framework */; };
		6003F5BA195388D20070C39A /* InfoPlist.strings in Resources */ = {isa = PBXBuildFile; fileRef = 6003F5B8195388D20070C39A /* InfoPlist.strings */; };
		6003F5BC195388D20070C39A /* Tests.m in Sources */ = {isa = PBXBuildFile; fileRef = 6003F5BB195388D20070C39A /* Tests.m */; };
		BCAD9D1BDE677FEA642DBC17 /* Pods_Common_Tests.framework in Frameworks */ = {isa = PBXBuildFile; fileRef = 30474BE549C1DD97B113F221 /* Pods_Common_Tests.framework */; };
/* End PBXBuildFile section */

/* Begin PBXContainerItemProxy section */
		6003F5B3195388D20070C39A /* PBXContainerItemProxy */ = {
			isa = PBXContainerItemProxy;
			containerPortal = 6003F582195388D10070C39A /* Project object */;
			proxyType = 1;
			remoteGlobalIDString = 6003F589195388D20070C39A;
			remoteInfo = Common;
		};
/* End PBXContainerItemProxy section */

/* Begin PBXFileReference section */
		2060BE40CC3CF16617492526 /* Pods-Common_Tests.debug.xcconfig */ = {isa = PBXFileReference; includeInIndex = 1; lastKnownFileType = text.xcconfig; name = "Pods-Common_Tests.debug.xcconfig"; path = "Target Support Files/Pods-Common_Tests/Pods-Common_Tests.debug.xcconfig"; sourceTree = "<group>"; };
		286526042357269600BF3432 /* Common-Info.plist */ = {isa = PBXFileReference; fileEncoding = 4; lastKnownFileType = text.plist.xml; path = "Common-Info.plist"; sourceTree = "<group>"; };
		288BF6B1235ADD62004C07E6 /* Util.h */ = {isa = PBXFileReference; lastKnownFileType = sourcecode.c.h; path = Util.h; sourceTree = "<group>"; };
		288BF6B2235ADDDC004C07E6 /* GLog.m */ = {isa = PBXFileReference; fileEncoding = 4; lastKnownFileType = sourcecode.c.objc; path = GLog.m; sourceTree = "<group>"; };
		288BF6B3235ADDDC004C07E6 /* GLog.h */ = {isa = PBXFileReference; fileEncoding = 4; lastKnownFileType = sourcecode.c.h; path = GLog.h; sourceTree = "<group>"; };
		288BF6B6235ADE1E004C07E6 /* NSafe.m */ = {isa = PBXFileReference; fileEncoding = 4; lastKnownFileType = sourcecode.c.objc; path = NSafe.m; sourceTree = "<group>"; };
		288BF6B7235ADE1E004C07E6 /* NSafe.h */ = {isa = PBXFileReference; fileEncoding = 4; lastKnownFileType = sourcecode.c.h; path = NSafe.h; sourceTree = "<group>"; };
		288BF6BA235ADF78004C07E6 /* NDataUtil.h */ = {isa = PBXFileReference; fileEncoding = 4; lastKnownFileType = sourcecode.c.h; path = NDataUtil.h; sourceTree = "<group>"; };
		288BF6BB235ADF78004C07E6 /* NDataUtil.m */ = {isa = PBXFileReference; fileEncoding = 4; lastKnownFileType = sourcecode.c.objc; path = NDataUtil.m; sourceTree = "<group>"; };
		28CE4BB7235728F100803122 /* zh-Hans */ = {isa = PBXFileReference; lastKnownFileType = text.plist.strings; name = "zh-Hans"; path = "zh-Hans.lproj/Localizable.strings"; sourceTree = "<group>"; };
		28CE4BB9235728F100803122 /* zh-Hans */ = {isa = PBXFileReference; lastKnownFileType = text.plist.strings; name = "zh-Hans"; path = "zh-Hans.lproj/InfoPlist.strings"; sourceTree = "<group>"; };
		28CE4BBA235728F100803122 /* en */ = {isa = PBXFileReference; lastKnownFileType = text.plist.strings; name = en; path = en.lproj/Localizable.strings; sourceTree = "<group>"; };
		28CE4BBB235728F100803122 /* en */ = {isa = PBXFileReference; lastKnownFileType = text.plist.strings; name = en; path = en.lproj/InfoPlist.strings; sourceTree = "<group>"; };
		28CE4C07235728F100803122 /* zh-Hant */ = {isa = PBXFileReference; lastKnownFileType = text.plist.strings; name = "zh-Hant"; path = "zh-Hant.lproj/Localizable.strings"; sourceTree = "<group>"; };
		28CE4C08235728F100803122 /* zh-Hant */ = {isa = PBXFileReference; lastKnownFileType = text.plist.strings; name = "zh-Hant"; path = "zh-Hant.lproj/InfoPlist.strings"; sourceTree = "<group>"; };
		28DB818123572EBD00796E3A /* AppDelegate.m */ = {isa = PBXFileReference; fileEncoding = 4; lastKnownFileType = sourcecode.c.objc; path = AppDelegate.m; sourceTree = "<group>"; };
		28DB818323572ECB00796E3A /* AppDelegate.h */ = {isa = PBXFileReference; lastKnownFileType = sourcecode.c.h; path = AppDelegate.h; sourceTree = "<group>"; };
		28DB818423572ED200796E3A /* Images.xcassets */ = {isa = PBXFileReference; lastKnownFileType = folder.assetcatalog; path = Images.xcassets; sourceTree = "<group>"; };
		28DB81C2235730D200796E3A /* NSMutableArray+NSafe.m */ = {isa = PBXFileReference; fileEncoding = 4; lastKnownFileType = sourcecode.c.objc; path = "NSMutableArray+NSafe.m"; sourceTree = "<group>"; };
		28DB81C3235730D200796E3A /* NSArray+NSafe.h */ = {isa = PBXFileReference; fileEncoding = 4; lastKnownFileType = sourcecode.c.h; path = "NSArray+NSafe.h"; sourceTree = "<group>"; };
		28DB81C4235730D200796E3A /* NSDictionary+NSafe.m */ = {isa = PBXFileReference; fileEncoding = 4; lastKnownFileType = sourcecode.c.objc; path = "NSDictionary+NSafe.m"; sourceTree = "<group>"; };
		28DB81C5235730D200796E3A /* NSString+NSafe.m */ = {isa = PBXFileReference; fileEncoding = 4; lastKnownFileType = sourcecode.c.objc; path = "NSString+NSafe.m"; sourceTree = "<group>"; };
		28DB81C6235730D200796E3A /* NSObject+NSafe.h */ = {isa = PBXFileReference; fileEncoding = 4; lastKnownFileType = sourcecode.c.h; path = "NSObject+NSafe.h"; sourceTree = "<group>"; };
		28DB81C7235730D200796E3A /* NSSet+NSafe.m */ = {isa = PBXFileReference; fileEncoding = 4; lastKnownFileType = sourcecode.c.objc; path = "NSSet+NSafe.m"; sourceTree = "<group>"; };
		28DB81C8235730D200796E3A /* NSArray+NSafe.m */ = {isa = PBXFileReference; fileEncoding = 4; lastKnownFileType = sourcecode.c.objc; path = "NSArray+NSafe.m"; sourceTree = "<group>"; };
		28DB81C9235730D200796E3A /* NSMutableArray+NSafe.h */ = {isa = PBXFileReference; fileEncoding = 4; lastKnownFileType = sourcecode.c.h; path = "NSMutableArray+NSafe.h"; sourceTree = "<group>"; };
		28DB81CA235730D200796E3A /* NSDictionary+NSafe.h */ = {isa = PBXFileReference; fileEncoding = 4; lastKnownFileType = sourcecode.c.h; path = "NSDictionary+NSafe.h"; sourceTree = "<group>"; };
		28DB81CB235730D200796E3A /* NSSet+NSafe.h */ = {isa = PBXFileReference; fileEncoding = 4; lastKnownFileType = sourcecode.c.h; path = "NSSet+NSafe.h"; sourceTree = "<group>"; };
		28DB81CC235730D200796E3A /* NSString+NSafe.h */ = {isa = PBXFileReference; fileEncoding = 4; lastKnownFileType = sourcecode.c.h; path = "NSString+NSafe.h"; sourceTree = "<group>"; };
		28DB81CD235730D200796E3A /* NSObject+NSafe.m */ = {isa = PBXFileReference; fileEncoding = 4; lastKnownFileType = sourcecode.c.objc; path = "NSObject+NSafe.m"; sourceTree = "<group>"; };
		28DB8202235730D200796E3A /* Reachability.m */ = {isa = PBXFileReference; fileEncoding = 4; lastKnownFileType = sourcecode.c.objc; path = Reachability.m; sourceTree = "<group>"; };
		28DB8203235730D200796E3A /* FOWebService.h */ = {isa = PBXFileReference; fileEncoding = 4; lastKnownFileType = sourcecode.c.h; path = FOWebService.h; sourceTree = "<group>"; };
		28DB8204235730D200796E3A /* GNetStatus.h */ = {isa = PBXFileReference; fileEncoding = 4; lastKnownFileType = sourcecode.c.h; path = GNetStatus.h; sourceTree = "<group>"; };
		28DB8205235730D200796E3A /* FTDeviceInfoUtils.m */ = {isa = PBXFileReference; fileEncoding = 4; lastKnownFileType = sourcecode.c.objc; path = FTDeviceInfoUtils.m; sourceTree = "<group>"; };
		28DB8206235730D200796E3A /* Reachability.h */ = {isa = PBXFileReference; fileEncoding = 4; lastKnownFileType = sourcecode.c.h; path = Reachability.h; sourceTree = "<group>"; };
		28DB8207235730D200796E3A /* GNetStatus.m */ = {isa = PBXFileReference; fileEncoding = 4; lastKnownFileType = sourcecode.c.objc; path = GNetStatus.m; sourceTree = "<group>"; };
		28DB8208235730D200796E3A /* FOWebService.m */ = {isa = PBXFileReference; fileEncoding = 4; lastKnownFileType = sourcecode.c.objc; path = FOWebService.m; sourceTree = "<group>"; };
		28DB8209235730D200796E3A /* FTDeviceInfoUtils.h */ = {isa = PBXFileReference; fileEncoding = 4; lastKnownFileType = sourcecode.c.h; path = FTDeviceInfoUtils.h; sourceTree = "<group>"; };
		28DB827C235735F800796E3A /* zh-Hans */ = {isa = PBXFileReference; lastKnownFileType = text.plist.strings; name = "zh-Hans"; path = Localizable.strings; sourceTree = "<group>"; };
		28DB827E235735F800796E3A /* zh-Hans */ = {isa = PBXFileReference; lastKnownFileType = text.plist.strings; name = "zh-Hans"; path = InfoPlist.strings; sourceTree = "<group>"; };
		28DB8281235735F800796E3A /* zh-Hant */ = {isa = PBXFileReference; lastKnownFileType = text.plist.strings; name = "zh-Hant"; path = Localizable.strings; sourceTree = "<group>"; };
		28DB8283235735F800796E3A /* zh-Hant */ = {isa = PBXFileReference; lastKnownFileType = text.plist.strings; name = "zh-Hant"; path = InfoPlist.strings; sourceTree = "<group>"; };
		28DB828A2357360700796E3A /* en */ = {isa = PBXFileReference; lastKnownFileType = text.plist.strings; name = en; path = Localizable.strings; sourceTree = "<group>"; };
		28DB828C2357360700796E3A /* en */ = {isa = PBXFileReference; lastKnownFileType = text.plist.strings; name = en; path = InfoPlist.strings; sourceTree = "<group>"; };
		30474BE549C1DD97B113F221 /* Pods_Common_Tests.framework */ = {isa = PBXFileReference; explicitFileType = wrapper.framework; includeInIndex = 0; path = Pods_Common_Tests.framework; sourceTree = BUILT_PRODUCTS_DIR; };
		3818B04B1C7AE43CF210C185 /* Pods-Common_Tests.release.xcconfig */ = {isa = PBXFileReference; includeInIndex = 1; lastKnownFileType = text.xcconfig; name = "Pods-Common_Tests.release.xcconfig"; path = "Target Support Files/Pods-Common_Tests/Pods-Common_Tests.release.xcconfig"; sourceTree = "<group>"; };
		38DE084E3B58900248B08229 /* LICENSE */ = {isa = PBXFileReference; includeInIndex = 1; lastKnownFileType = text; name = LICENSE; path = ../LICENSE; sourceTree = "<group>"; };
		5FED0AEC9AD45B63373718D1 /* README.md */ = {isa = PBXFileReference; includeInIndex = 1; lastKnownFileType = net.daringfireball.markdown; name = README.md; path = ../README.md; sourceTree = "<group>"; };
		6003F58A195388D20070C39A /* Common_Example.app */ = {isa = PBXFileReference; explicitFileType = wrapper.application; includeInIndex = 0; path = Common_Example.app; sourceTree = BUILT_PRODUCTS_DIR; };
		6003F58D195388D20070C39A /* Foundation.framework */ = {isa = PBXFileReference; lastKnownFileType = wrapper.framework; name = Foundation.framework; path = System/Library/Frameworks/Foundation.framework; sourceTree = SDKROOT; };
		6003F58F195388D20070C39A /* CoreGraphics.framework */ = {isa = PBXFileReference; lastKnownFileType = wrapper.framework; name = CoreGraphics.framework; path = System/Library/Frameworks/CoreGraphics.framework; sourceTree = SDKROOT; };
		6003F591195388D20070C39A /* UIKit.framework */ = {isa = PBXFileReference; lastKnownFileType = wrapper.framework; name = UIKit.framework; path = System/Library/Frameworks/UIKit.framework; sourceTree = SDKROOT; };
		6003F599195388D20070C39A /* main.m */ = {isa = PBXFileReference; lastKnownFileType = sourcecode.c.objc; path = main.m; sourceTree = "<group>"; };
		6003F59B195388D20070C39A /* Common-Prefix.pch */ = {isa = PBXFileReference; lastKnownFileType = sourcecode.c.h; path = "Common-Prefix.pch"; sourceTree = "<group>"; };
		6003F5AE195388D20070C39A /* Common_Tests.xctest */ = {isa = PBXFileReference; explicitFileType = wrapper.cfbundle; includeInIndex = 0; path = Common_Tests.xctest; sourceTree = BUILT_PRODUCTS_DIR; };
		6003F5AF195388D20070C39A /* XCTest.framework */ = {isa = PBXFileReference; lastKnownFileType = wrapper.framework; name = XCTest.framework; path = Library/Frameworks/XCTest.framework; sourceTree = DEVELOPER_DIR; };
		6003F5B7195388D20070C39A /* Tests-Info.plist */ = {isa = PBXFileReference; lastKnownFileType = text.plist.xml; path = "Tests-Info.plist"; sourceTree = "<group>"; };
		6003F5B9195388D20070C39A /* en */ = {isa = PBXFileReference; lastKnownFileType = text.plist.strings; name = en; path = en.lproj/InfoPlist.strings; sourceTree = "<group>"; };
		6003F5BB195388D20070C39A /* Tests.m */ = {isa = PBXFileReference; lastKnownFileType = sourcecode.c.objc; path = Tests.m; sourceTree = "<group>"; };
		606FC2411953D9B200FFA9A0 /* Tests-Prefix.pch */ = {isa = PBXFileReference; lastKnownFileType = sourcecode.c.h; path = "Tests-Prefix.pch"; sourceTree = "<group>"; };
		9A3CE91132C117ECB38E2429 /* Common.podspec */ = {isa = PBXFileReference; includeInIndex = 1; lastKnownFileType = text; name = Common.podspec; path = ../Common.podspec; sourceTree = "<group>"; xcLanguageSpecificationIdentifier = xcode.lang.ruby; };
		B6AF745C73D6637D3B53DCC9 /* Pods_Common_Example.framework */ = {isa = PBXFileReference; explicitFileType = wrapper.framework; includeInIndex = 0; path = Pods_Common_Example.framework; sourceTree = BUILT_PRODUCTS_DIR; };
		DE0EB2DE04881F4B37680171 /* Pods-Common_Example.release.xcconfig */ = {isa = PBXFileReference; includeInIndex = 1; lastKnownFileType = text.xcconfig; name = "Pods-Common_Example.release.xcconfig"; path = "Target Support Files/Pods-Common_Example/Pods-Common_Example.release.xcconfig"; sourceTree = "<group>"; };
		E3EC074FC053A31BB5049498 /* Pods-Common_Example.debug.xcconfig */ = {isa = PBXFileReference; includeInIndex = 1; lastKnownFileType = text.xcconfig; name = "Pods-Common_Example.debug.xcconfig"; path = "Target Support Files/Pods-Common_Example/Pods-Common_Example.debug.xcconfig"; sourceTree = "<group>"; };
/* End PBXFileReference section */

/* Begin PBXFrameworksBuildPhase section */
		6003F587195388D20070C39A /* Frameworks */ = {
			isa = PBXFrameworksBuildPhase;
			buildActionMask = 2147483647;
			files = (
				4712177E1B79E52436519E9F /* Pods_Common_Example.framework in Frameworks */,
			);
			runOnlyForDeploymentPostprocessing = 0;
		};
		6003F5AB195388D20070C39A /* Frameworks */ = {
			isa = PBXFrameworksBuildPhase;
			buildActionMask = 2147483647;
			files = (
				6003F5B0195388D20070C39A /* XCTest.framework in Frameworks */,
				6003F5B2195388D20070C39A /* UIKit.framework in Frameworks */,
				6003F5B1195388D20070C39A /* Foundation.framework in Frameworks */,
				BCAD9D1BDE677FEA642DBC17 /* Pods_Common_Tests.framework in Frameworks */,
			);
			runOnlyForDeploymentPostprocessing = 0;
		};
/* End PBXFrameworksBuildPhase section */

/* Begin PBXGroup section */
		28CE4BB5235728F100803122 /* BaseAppUtil */ = {
			isa = PBXGroup;
			children = (
				28DB81C0235730D200796E3A /* Util */,
			);
			path = BaseAppUtil;
			sourceTree = "<group>";
		};
		28DB81C0235730D200796E3A /* Util */ = {
			isa = PBXGroup;
			children = (
				28DB81C1235730D200796E3A /* Safe */,
				28DB8201235730D200796E3A /* NetWorking */,
			);
			name = Util;
			path = ../../../Common/Classes/Util;
			sourceTree = "<group>";
		};
		28DB81C1235730D200796E3A /* Safe */ = {
			isa = PBXGroup;
			children = (
				28DB81C9235730D200796E3A /* NSMutableArray+NSafe.h */,
				28DB81C2235730D200796E3A /* NSMutableArray+NSafe.m */,
				28DB81C5235730D200796E3A /* NSString+NSafe.m */,
				28DB81CC235730D200796E3A /* NSString+NSafe.h */,
				28DB81C6235730D200796E3A /* NSObject+NSafe.h */,
				28DB81CD235730D200796E3A /* NSObject+NSafe.m */,
				28DB81C3235730D200796E3A /* NSArray+NSafe.h */,
				28DB81C8235730D200796E3A /* NSArray+NSafe.m */,
				28DB81CA235730D200796E3A /* NSDictionary+NSafe.h */,
				28DB81C4235730D200796E3A /* NSDictionary+NSafe.m */,
				28DB81CB235730D200796E3A /* NSSet+NSafe.h */,
				28DB81C7235730D200796E3A /* NSSet+NSafe.m */,
				288BF6B7235ADE1E004C07E6 /* NSafe.h */,
				288BF6B6235ADE1E004C07E6 /* NSafe.m */,
				288BF6BA235ADF78004C07E6 /* NDataUtil.h */,
				288BF6BB235ADF78004C07E6 /* NDataUtil.m */,
				288BF6B3235ADDDC004C07E6 /* GLog.h */,
				288BF6B2235ADDDC004C07E6 /* GLog.m */,
				288BF6B1235ADD62004C07E6 /* Util.h */,
			);
			path = Safe;
			sourceTree = "<group>";
		};
		28DB8201235730D200796E3A /* NetWorking */ = {
			isa = PBXGroup;
			children = (
				28DB8204235730D200796E3A /* GNetStatus.h */,
				28DB8207235730D200796E3A /* GNetStatus.m */,
				28DB8209235730D200796E3A /* FTDeviceInfoUtils.h */,
				28DB8205235730D200796E3A /* FTDeviceInfoUtils.m */,
				28DB8206235730D200796E3A /* Reachability.h */,
				28DB8202235730D200796E3A /* Reachability.m */,
				28DB8203235730D200796E3A /* FOWebService.h */,
				28DB8208235730D200796E3A /* FOWebService.m */,
			);
			path = NetWorking;
			sourceTree = "<group>";
		};
		28DB827A235735F800796E3A /* zh-Hans.lproj */ = {
			isa = PBXGroup;
			children = (
				28DB827B235735F800796E3A /* Localizable.strings */,
				28DB827D235735F800796E3A /* InfoPlist.strings */,
			);
			path = "zh-Hans.lproj";
			sourceTree = "<group>";
		};
		28DB827F235735F800796E3A /* zh-Hant.lproj */ = {
			isa = PBXGroup;
			children = (
				28DB8280235735F800796E3A /* Localizable.strings */,
				28DB8282235735F800796E3A /* InfoPlist.strings */,
			);
			path = "zh-Hant.lproj";
			sourceTree = "<group>";
		};
		28DB82882357360700796E3A /* en.lproj */ = {
			isa = PBXGroup;
			children = (
				28DB82892357360700796E3A /* Localizable.strings */,
				28DB828B2357360700796E3A /* InfoPlist.strings */,
			);
			path = en.lproj;
			sourceTree = "<group>";
		};
		6003F581195388D10070C39A = {
			isa = PBXGroup;
			children = (
				60FF7A9C1954A5C5007DD14C /* Podspec Metadata */,
				6003F593195388D20070C39A /* Example for Common */,
				6003F5B5195388D20070C39A /* Tests */,
				6003F58C195388D20070C39A /* Frameworks */,
				6003F58B195388D20070C39A /* Products */,
				E7391C2978CEED4562394701 /* Pods */,
			);
			sourceTree = "<group>";
		};
		6003F58B195388D20070C39A /* Products */ = {
			isa = PBXGroup;
			children = (
				6003F58A195388D20070C39A /* Common_Example.app */,
				6003F5AE195388D20070C39A /* Common_Tests.xctest */,
			);
			name = Products;
			sourceTree = "<group>";
		};
		6003F58C195388D20070C39A /* Frameworks */ = {
			isa = PBXGroup;
			children = (
				6003F58D195388D20070C39A /* Foundation.framework */,
				6003F58F195388D20070C39A /* CoreGraphics.framework */,
				6003F591195388D20070C39A /* UIKit.framework */,
				6003F5AF195388D20070C39A /* XCTest.framework */,
				B6AF745C73D6637D3B53DCC9 /* Pods_Common_Example.framework */,
				30474BE549C1DD97B113F221 /* Pods_Common_Tests.framework */,
			);
			name = Frameworks;
			sourceTree = "<group>";
		};
		6003F593195388D20070C39A /* Example for Common */ = {
			isa = PBXGroup;
			children = (
				28CE4BB5235728F100803122 /* BaseAppUtil */,
				28DB818323572ECB00796E3A /* AppDelegate.h */,
				28DB818123572EBD00796E3A /* AppDelegate.m */,
				28DB818423572ED200796E3A /* Images.xcassets */,
				6003F594195388D20070C39A /* Supporting Files */,
			);
			name = "Example for Common";
			path = Common;
			sourceTree = "<group>";
		};
		6003F594195388D20070C39A /* Supporting Files */ = {
			isa = PBXGroup;
			children = (
				28CE4BB6235728F100803122 /* Localizable.strings */,
				28CE4BB8235728F100803122 /* InfoPlist.strings */,
				286526042357269600BF3432 /* Common-Info.plist */,
				6003F599195388D20070C39A /* main.m */,
				6003F59B195388D20070C39A /* Common-Prefix.pch */,
				28DB82882357360700796E3A /* en.lproj */,
				28DB827A235735F800796E3A /* zh-Hans.lproj */,
				28DB827F235735F800796E3A /* zh-Hant.lproj */,
			);
			name = "Supporting Files";
			sourceTree = "<group>";
		};
		6003F5B5195388D20070C39A /* Tests */ = {
			isa = PBXGroup;
			children = (
				6003F5BB195388D20070C39A /* Tests.m */,
				6003F5B6195388D20070C39A /* Supporting Files */,
			);
			path = Tests;
			sourceTree = "<group>";
		};
		6003F5B6195388D20070C39A /* Supporting Files */ = {
			isa = PBXGroup;
			children = (
				6003F5B7195388D20070C39A /* Tests-Info.plist */,
				6003F5B8195388D20070C39A /* InfoPlist.strings */,
				606FC2411953D9B200FFA9A0 /* Tests-Prefix.pch */,
			);
			name = "Supporting Files";
			sourceTree = "<group>";
		};
		60FF7A9C1954A5C5007DD14C /* Podspec Metadata */ = {
			isa = PBXGroup;
			children = (
				9A3CE91132C117ECB38E2429 /* Common.podspec */,
				5FED0AEC9AD45B63373718D1 /* README.md */,
				38DE084E3B58900248B08229 /* LICENSE */,
			);
			name = "Podspec Metadata";
			sourceTree = "<group>";
		};
		E7391C2978CEED4562394701 /* Pods */ = {
			isa = PBXGroup;
			children = (
				E3EC074FC053A31BB5049498 /* Pods-Common_Example.debug.xcconfig */,
				DE0EB2DE04881F4B37680171 /* Pods-Common_Example.release.xcconfig */,
				2060BE40CC3CF16617492526 /* Pods-Common_Tests.debug.xcconfig */,
				3818B04B1C7AE43CF210C185 /* Pods-Common_Tests.release.xcconfig */,
			);
			path = Pods;
			sourceTree = "<group>";
		};
/* End PBXGroup section */

/* Begin PBXNativeTarget section */
		6003F589195388D20070C39A /* Common_Example */ = {
			isa = PBXNativeTarget;
			buildConfigurationList = 6003F5BF195388D20070C39A /* Build configuration list for PBXNativeTarget "Common_Example" */;
			buildPhases = (
				4C8FB80B014A0EC6A53BECC2 /* [CP] Check Pods Manifest.lock */,
				6003F586195388D20070C39A /* Sources */,
				6003F587195388D20070C39A /* Frameworks */,
				6003F588195388D20070C39A /* Resources */,
				32B6C598E8ED07443D41298C /* [CP] Embed Pods Frameworks */,
			);
			buildRules = (
			);
			dependencies = (
			);
			name = Common_Example;
			productName = Common;
			productReference = 6003F58A195388D20070C39A /* Common_Example.app */;
			productType = "com.apple.product-type.application";
		};
		6003F5AD195388D20070C39A /* Common_Tests */ = {
			isa = PBXNativeTarget;
			buildConfigurationList = 6003F5C2195388D20070C39A /* Build configuration list for PBXNativeTarget "Common_Tests" */;
			buildPhases = (
				8B11038878D46C030F51791C /* [CP] Check Pods Manifest.lock */,
				6003F5AA195388D20070C39A /* Sources */,
				6003F5AB195388D20070C39A /* Frameworks */,
				6003F5AC195388D20070C39A /* Resources */,
			);
			buildRules = (
			);
			dependencies = (
				6003F5B4195388D20070C39A /* PBXTargetDependency */,
			);
			name = Common_Tests;
			productName = CommonTests;
			productReference = 6003F5AE195388D20070C39A /* Common_Tests.xctest */;
			productType = "com.apple.product-type.bundle.unit-test";
		};
/* End PBXNativeTarget section */

/* Begin PBXProject section */
		6003F582195388D10070C39A /* Project object */ = {
			isa = PBXProject;
			attributes = {
				CLASSPREFIX = DC;
				LastUpgradeCheck = 0720;
				ORGANIZATIONNAME = lijun;
				TargetAttributes = {
					6003F5AD195388D20070C39A = {
						TestTargetID = 6003F589195388D20070C39A;
					};
				};
			};
			buildConfigurationList = 6003F585195388D10070C39A /* Build configuration list for PBXProject "Common" */;
			compatibilityVersion = "Xcode 3.2";
			developmentRegion = English;
			hasScannedForEncodings = 0;
			knownRegions = (
				English,
				en,
				Base,
				"zh-Hans",
				"zh-Hant",
			);
			mainGroup = 6003F581195388D10070C39A;
			productRefGroup = 6003F58B195388D20070C39A /* Products */;
			projectDirPath = "";
			projectRoot = "";
			targets = (
				6003F589195388D20070C39A /* Common_Example */,
				6003F5AD195388D20070C39A /* Common_Tests */,
			);
		};
/* End PBXProject section */

/* Begin PBXResourcesBuildPhase section */
		6003F588195388D20070C39A /* Resources */ = {
			isa = PBXResourcesBuildPhase;
			buildActionMask = 2147483647;
			files = (
				28CE4CC6235728F100803122 /* Localizable.strings in Resources */,
				28DB828E2357360700796E3A /* InfoPlist.strings in Resources */,
				28DB8285235735F800796E3A /* InfoPlist.strings in Resources */,
				28DB828D2357360700796E3A /* Localizable.strings in Resources */,
				28CE4CC7235728F100803122 /* InfoPlist.strings in Resources */,
				28DB8286235735F800796E3A /* Localizable.strings in Resources */,
				28DB8284235735F800796E3A /* Localizable.strings in Resources */,
				28DB818523572ED300796E3A /* Images.xcassets in Resources */,
				286526052357269600BF3432 /* Common-Info.plist in Resources */,
				28DB8287235735F800796E3A /* InfoPlist.strings in Resources */,
			);
			runOnlyForDeploymentPostprocessing = 0;
		};
		6003F5AC195388D20070C39A /* Resources */ = {
			isa = PBXResourcesBuildPhase;
			buildActionMask = 2147483647;
			files = (
				6003F5BA195388D20070C39A /* InfoPlist.strings in Resources */,
			);
			runOnlyForDeploymentPostprocessing = 0;
		};
/* End PBXResourcesBuildPhase section */

/* Begin PBXShellScriptBuildPhase section */
		32B6C598E8ED07443D41298C /* [CP] Embed Pods Frameworks */ = {
			isa = PBXShellScriptBuildPhase;
			buildActionMask = 2147483647;
			files = (
			);
			inputPaths = (
				"${PODS_ROOT}/Target Support Files/Pods-Common_Example/Pods-Common_Example-frameworks.sh",
				"${BUILT_PRODUCTS_DIR}/Common/Common.framework",
			);
			name = "[CP] Embed Pods Frameworks";
			outputPaths = (
				"${TARGET_BUILD_DIR}/${FRAMEWORKS_FOLDER_PATH}/Common.framework",
			);
			runOnlyForDeploymentPostprocessing = 0;
			shellPath = /bin/sh;
			shellScript = "\"${PODS_ROOT}/Target Support Files/Pods-Common_Example/Pods-Common_Example-frameworks.sh\"\n";
			showEnvVarsInLog = 0;
		};
		4C8FB80B014A0EC6A53BECC2 /* [CP] Check Pods Manifest.lock */ = {
			isa = PBXShellScriptBuildPhase;
			buildActionMask = 2147483647;
			files = (
			);
			inputFileListPaths = (
			);
			inputPaths = (
				"${PODS_PODFILE_DIR_PATH}/Podfile.lock",
				"${PODS_ROOT}/Manifest.lock",
			);
			name = "[CP] Check Pods Manifest.lock";
			outputFileListPaths = (
			);
			outputPaths = (
				"$(DERIVED_FILE_DIR)/Pods-Common_Example-checkManifestLockResult.txt",
			);
			runOnlyForDeploymentPostprocessing = 0;
			shellPath = /bin/sh;
			shellScript = "diff \"${PODS_PODFILE_DIR_PATH}/Podfile.lock\" \"${PODS_ROOT}/Manifest.lock\" > /dev/null\nif [ $? != 0 ] ; then\n    # print error to STDERR\n    echo \"error: The sandbox is not in sync with the Podfile.lock. Run 'pod install' or update your CocoaPods installation.\" >&2\n    exit 1\nfi\n# This output is used by Xcode 'outputs' to avoid re-running this script phase.\necho \"SUCCESS\" > \"${SCRIPT_OUTPUT_FILE_0}\"\n";
			showEnvVarsInLog = 0;
		};
		8B11038878D46C030F51791C /* [CP] Check Pods Manifest.lock */ = {
			isa = PBXShellScriptBuildPhase;
			buildActionMask = 2147483647;
			files = (
			);
			inputFileListPaths = (
			);
			inputPaths = (
				"${PODS_PODFILE_DIR_PATH}/Podfile.lock",
				"${PODS_ROOT}/Manifest.lock",
			);
			name = "[CP] Check Pods Manifest.lock";
			outputFileListPaths = (
			);
			outputPaths = (
				"$(DERIVED_FILE_DIR)/Pods-Common_Tests-checkManifestLockResult.txt",
			);
			runOnlyForDeploymentPostprocessing = 0;
			shellPath = /bin/sh;
			shellScript = "diff \"${PODS_PODFILE_DIR_PATH}/Podfile.lock\" \"${PODS_ROOT}/Manifest.lock\" > /dev/null\nif [ $? != 0 ] ; then\n    # print error to STDERR\n    echo \"error: The sandbox is not in sync with the Podfile.lock. Run 'pod install' or update your CocoaPods installation.\" >&2\n    exit 1\nfi\n# This output is used by Xcode 'outputs' to avoid re-running this script phase.\necho \"SUCCESS\" > \"${SCRIPT_OUTPUT_FILE_0}\"\n";
			showEnvVarsInLog = 0;
		};
/* End PBXShellScriptBuildPhase section */

/* Begin PBXSourcesBuildPhase section */
		6003F586195388D20070C39A /* Sources */ = {
			isa = PBXSourcesBuildPhase;
			buildActionMask = 2147483647;
			files = (
				288BF6B4235ADDDC004C07E6 /* GLog.m in Sources */,
				6003F59A195388D20070C39A /* main.m in Sources */,
				28DB820E235730D200796E3A /* NSString+NSafe.m in Sources */,
				28DB8246235730D200796E3A /* Reachability.m in Sources */,
				28DB8210235730D200796E3A /* NSSet+NSafe.m in Sources */,
				288BF6BC235ADF78004C07E6 /* NDataUtil.m in Sources */,
				28DB824A235730D200796E3A /* GNetStatus.m in Sources */,
				28DB820A235730D200796E3A /* NSMutableArray+NSafe.m in Sources */,
				288BF6B8235ADE1E004C07E6 /* NSafe.m in Sources */,
				28DB8214235730D200796E3A /* NSObject+NSafe.m in Sources */,
				28DB820C235730D200796E3A /* NSDictionary+NSafe.m in Sources */,
				28DB8248235730D200796E3A /* FTDeviceInfoUtils.m in Sources */,
				28DB8212235730D200796E3A /* NSArray+NSafe.m in Sources */,
				28DB818223572EBD00796E3A /* AppDelegate.m in Sources */,
				28DB824C235730D200796E3A /* FOWebService.m in Sources */,
			);
			runOnlyForDeploymentPostprocessing = 0;
		};
		6003F5AA195388D20070C39A /* Sources */ = {
			isa = PBXSourcesBuildPhase;
			buildActionMask = 2147483647;
			files = (
				288BF6B9235ADE1E004C07E6 /* NSafe.m in Sources */,
				28DB824D235730D200796E3A /* FOWebService.m in Sources */,
				28DB820B235730D200796E3A /* NSMutableArray+NSafe.m in Sources */,
				28DB8211235730D200796E3A /* NSSet+NSafe.m in Sources */,
				6003F5BC195388D20070C39A /* Tests.m in Sources */,
				28DB8215235730D200796E3A /* NSObject+NSafe.m in Sources */,
				28DB8249235730D200796E3A /* FTDeviceInfoUtils.m in Sources */,
				288BF6B5235ADDDC004C07E6 /* GLog.m in Sources */,
				288BF6BD235ADF78004C07E6 /* NDataUtil.m in Sources */,
				28DB824B235730D200796E3A /* GNetStatus.m in Sources */,
				28DB8247235730D200796E3A /* Reachability.m in Sources */,
				28DB820F235730D200796E3A /* NSString+NSafe.m in Sources */,
				28DB820D235730D200796E3A /* NSDictionary+NSafe.m in Sources */,
				28DB8213235730D200796E3A /* NSArray+NSafe.m in Sources */,
			);
			runOnlyForDeploymentPostprocessing = 0;
		};
/* End PBXSourcesBuildPhase section */

/* Begin PBXTargetDependency section */
		6003F5B4195388D20070C39A /* PBXTargetDependency */ = {
			isa = PBXTargetDependency;
			target = 6003F589195388D20070C39A /* Common_Example */;
			targetProxy = 6003F5B3195388D20070C39A /* PBXContainerItemProxy */;
		};
/* End PBXTargetDependency section */

/* Begin PBXVariantGroup section */
		28CE4BB6235728F100803122 /* Localizable.strings */ = {
			isa = PBXVariantGroup;
			children = (
				28CE4BB7235728F100803122 /* zh-Hans */,
				28CE4BBA235728F100803122 /* en */,
				28CE4C07235728F100803122 /* zh-Hant */,
			);
			name = Localizable.strings;
			sourceTree = "<group>";
		};
		28CE4BB8235728F100803122 /* InfoPlist.strings */ = {
			isa = PBXVariantGroup;
			children = (
				28CE4BB9235728F100803122 /* zh-Hans */,
				28CE4BBB235728F100803122 /* en */,
				28CE4C08235728F100803122 /* zh-Hant */,
			);
			name = InfoPlist.strings;
			sourceTree = "<group>";
		};
		28DB827B235735F800796E3A /* Localizable.strings */ = {
			isa = PBXVariantGroup;
			children = (
				28DB827C235735F800796E3A /* zh-Hans */,
			);
			name = Localizable.strings;
			sourceTree = "<group>";
		};
		28DB827D235735F800796E3A /* InfoPlist.strings */ = {
			isa = PBXVariantGroup;
			children = (
				28DB827E235735F800796E3A /* zh-Hans */,
			);
			name = InfoPlist.strings;
			sourceTree = "<group>";
		};
		28DB8280235735F800796E3A /* Localizable.strings */ = {
			isa = PBXVariantGroup;
			children = (
				28DB8281235735F800796E3A /* zh-Hant */,
			);
			name = Localizable.strings;
			sourceTree = "<group>";
		};
		28DB8282235735F800796E3A /* InfoPlist.strings */ = {
			isa = PBXVariantGroup;
			children = (
				28DB8283235735F800796E3A /* zh-Hant */,
			);
			name = InfoPlist.strings;
			sourceTree = "<group>";
		};
		28DB82892357360700796E3A /* Localizable.strings */ = {
			isa = PBXVariantGroup;
			children = (
				28DB828A2357360700796E3A /* en */,
			);
			name = Localizable.strings;
			sourceTree = "<group>";
		};
		28DB828B2357360700796E3A /* InfoPlist.strings */ = {
			isa = PBXVariantGroup;
			children = (
				28DB828C2357360700796E3A /* en */,
			);
			name = InfoPlist.strings;
			sourceTree = "<group>";
		};
		6003F5B8195388D20070C39A /* InfoPlist.strings */ = {
			isa = PBXVariantGroup;
			children = (
				6003F5B9195388D20070C39A /* en */,
			);
			name = InfoPlist.strings;
			sourceTree = "<group>";
		};
/* End PBXVariantGroup section */

/* Begin XCBuildConfiguration section */
		6003F5BD195388D20070C39A /* Debug */ = {
			isa = XCBuildConfiguration;
			buildSettings = {
				ALWAYS_SEARCH_USER_PATHS = NO;
				CLANG_CXX_LANGUAGE_STANDARD = "gnu++0x";
				CLANG_CXX_LIBRARY = "libc++";
				CLANG_ENABLE_MODULES = YES;
				CLANG_ENABLE_OBJC_ARC = YES;
				CLANG_WARN_BOOL_CONVERSION = YES;
				CLANG_WARN_CONSTANT_CONVERSION = YES;
				CLANG_WARN_DIRECT_OBJC_ISA_USAGE = YES_ERROR;
				CLANG_WARN_EMPTY_BODY = YES;
				CLANG_WARN_ENUM_CONVERSION = YES;
				CLANG_WARN_INT_CONVERSION = YES;
				CLANG_WARN_OBJC_ROOT_CLASS = YES_ERROR;
				CLANG_WARN__DUPLICATE_METHOD_MATCH = YES;
				"CODE_SIGN_IDENTITY[sdk=iphoneos*]" = "iPhone Developer";
				COPY_PHASE_STRIP = NO;
				ENABLE_TESTABILITY = YES;
				GCC_C_LANGUAGE_STANDARD = gnu99;
				GCC_DYNAMIC_NO_PIC = NO;
				GCC_OPTIMIZATION_LEVEL = 0;
				GCC_PREPROCESSOR_DEFINITIONS = (
					"DEBUG=1",
					"$(inherited)",
				);
				GCC_SYMBOLS_PRIVATE_EXTERN = NO;
				GCC_WARN_64_TO_32_BIT_CONVERSION = YES;
				GCC_WARN_ABOUT_RETURN_TYPE = YES_ERROR;
				GCC_WARN_UNDECLARED_SELECTOR = YES;
				GCC_WARN_UNINITIALIZED_AUTOS = YES_AGGRESSIVE;
				GCC_WARN_UNUSED_FUNCTION = YES;
				GCC_WARN_UNUSED_VARIABLE = YES;
				IPHONEOS_DEPLOYMENT_TARGET = 9.3;
				ONLY_ACTIVE_ARCH = YES;
				SDKROOT = iphoneos;
				TARGETED_DEVICE_FAMILY = "1,2";
			};
			name = Debug;
		};
		6003F5BE195388D20070C39A /* Release */ = {
			isa = XCBuildConfiguration;
			buildSettings = {
				ALWAYS_SEARCH_USER_PATHS = NO;
				CLANG_CXX_LANGUAGE_STANDARD = "gnu++0x";
				CLANG_CXX_LIBRARY = "libc++";
				CLANG_ENABLE_MODULES = YES;
				CLANG_ENABLE_OBJC_ARC = YES;
				CLANG_WARN_BOOL_CONVERSION = YES;
				CLANG_WARN_CONSTANT_CONVERSION = YES;
				CLANG_WARN_DIRECT_OBJC_ISA_USAGE = YES_ERROR;
				CLANG_WARN_EMPTY_BODY = YES;
				CLANG_WARN_ENUM_CONVERSION = YES;
				CLANG_WARN_INT_CONVERSION = YES;
				CLANG_WARN_OBJC_ROOT_CLASS = YES_ERROR;
				CLANG_WARN__DUPLICATE_METHOD_MATCH = YES;
				"CODE_SIGN_IDENTITY[sdk=iphoneos*]" = "iPhone Developer";
				COPY_PHASE_STRIP = YES;
				ENABLE_NS_ASSERTIONS = NO;
				GCC_C_LANGUAGE_STANDARD = gnu99;
				GCC_WARN_64_TO_32_BIT_CONVERSION = YES;
				GCC_WARN_ABOUT_RETURN_TYPE = YES_ERROR;
				GCC_WARN_UNDECLARED_SELECTOR = YES;
				GCC_WARN_UNINITIALIZED_AUTOS = YES_AGGRESSIVE;
				GCC_WARN_UNUSED_FUNCTION = YES;
				GCC_WARN_UNUSED_VARIABLE = YES;
				IPHONEOS_DEPLOYMENT_TARGET = 9.3;
				SDKROOT = iphoneos;
				TARGETED_DEVICE_FAMILY = "1,2";
				VALIDATE_PRODUCT = YES;
			};
			name = Release;
		};
		6003F5C0195388D20070C39A /* Debug */ = {
			isa = XCBuildConfiguration;
			baseConfigurationReference = E3EC074FC053A31BB5049498 /* Pods-Common_Example.debug.xcconfig */;
			buildSettings = {
				ASSETCATALOG_COMPILER_APPICON_NAME = AppIcon;
				DEVELOPMENT_ASSET_PATHS = "";
				FRAMEWORK_SEARCH_PATHS = (
					"$(inherited)",
					"\"${PODS_CONFIGURATION_BUILD_DIR}/Common\"",
					"$(PROJECT_DIR)/Common/Vendor/Bugly",
				);
				GCC_PRECOMPILE_PREFIX_HEADER = YES;
				GCC_PREFIX_HEADER = "Common/Common-Prefix.pch";
				INFOPLIST_FILE = "Common/Common-Info.plist";
				LD_RUNPATH_SEARCH_PATHS = "$(inherited) @executable_path/Frameworks";
				MARKETING_VERSION = 3.0.0;
				MODULE_NAME = ExampleApp;
				PRODUCT_BUNDLE_IDENTIFIER = "org.cocoapods.demo.${PRODUCT_NAME:rfc1034identifier}";
				PRODUCT_NAME = "$(TARGET_NAME)";
				SWIFT_VERSION = 4.0;
				TARGETED_DEVICE_FAMILY = 1;
				WRAPPER_EXTENSION = app;
			};
			name = Debug;
		};
		6003F5C1195388D20070C39A /* Release */ = {
			isa = XCBuildConfiguration;
			baseConfigurationReference = DE0EB2DE04881F4B37680171 /* Pods-Common_Example.release.xcconfig */;
			buildSettings = {
				ASSETCATALOG_COMPILER_APPICON_NAME = AppIcon;
				DEVELOPMENT_ASSET_PATHS = "";
				FRAMEWORK_SEARCH_PATHS = (
					"$(inherited)",
					"\"${PODS_CONFIGURATION_BUILD_DIR}/Common\"",
					"$(PROJECT_DIR)/Common/Vendor/Bugly",
				);
				GCC_PRECOMPILE_PREFIX_HEADER = YES;
				GCC_PREFIX_HEADER = "Common/Common-Prefix.pch";
				INFOPLIST_FILE = "Common/Common-Info.plist";
				LD_RUNPATH_SEARCH_PATHS = "$(inherited) @executable_path/Frameworks";
				MARKETING_VERSION = 3.0.0;
				MODULE_NAME = ExampleApp;
				PRODUCT_BUNDLE_IDENTIFIER = "org.cocoapods.demo.${PRODUCT_NAME:rfc1034identifier}";
				PRODUCT_NAME = "$(TARGET_NAME)";
				SWIFT_VERSION = 4.0;
				TARGETED_DEVICE_FAMILY = 1;
				WRAPPER_EXTENSION = app;
			};
			name = Release;
		};
		6003F5C3195388D20070C39A /* Debug */ = {
			isa = XCBuildConfiguration;
			baseConfigurationReference = 2060BE40CC3CF16617492526 /* Pods-Common_Tests.debug.xcconfig */;
			buildSettings = {
				BUNDLE_LOADER = "$(TEST_HOST)";
				FRAMEWORK_SEARCH_PATHS = (
					"$(PLATFORM_DIR)/Developer/Library/Frameworks",
					"$(inherited)",
					"$(DEVELOPER_FRAMEWORKS_DIR)",
				);
				GCC_PRECOMPILE_PREFIX_HEADER = YES;
				GCC_PREFIX_HEADER = "Tests/Tests-Prefix.pch";
				GCC_PREPROCESSOR_DEFINITIONS = (
					"DEBUG=1",
					"$(inherited)",
				);
				INFOPLIST_FILE = "Tests/Tests-Info.plist";
				PRODUCT_BUNDLE_IDENTIFIER = "org.cocoapods.demo.${PRODUCT_NAME:rfc1034identifier}";
				PRODUCT_NAME = "$(TARGET_NAME)";
				SWIFT_VERSION = 4.0;
				TEST_HOST = "$(BUILT_PRODUCTS_DIR)/Common_Example.app/Common_Example";
				WRAPPER_EXTENSION = xctest;
			};
			name = Debug;
		};
		6003F5C4195388D20070C39A /* Release */ = {
			isa = XCBuildConfiguration;
			baseConfigurationReference = 3818B04B1C7AE43CF210C185 /* Pods-Common_Tests.release.xcconfig */;
			buildSettings = {
				BUNDLE_LOADER = "$(TEST_HOST)";
				FRAMEWORK_SEARCH_PATHS = (
					"$(PLATFORM_DIR)/Developer/Library/Frameworks",
					"$(inherited)",
					"$(DEVELOPER_FRAMEWORKS_DIR)",
				);
				GCC_PRECOMPILE_PREFIX_HEADER = YES;
				GCC_PREFIX_HEADER = "Tests/Tests-Prefix.pch";
				INFOPLIST_FILE = "Tests/Tests-Info.plist";
				PRODUCT_BUNDLE_IDENTIFIER = "org.cocoapods.demo.${PRODUCT_NAME:rfc1034identifier}";
				PRODUCT_NAME = "$(TARGET_NAME)";
				SWIFT_VERSION = 4.0;
				TEST_HOST = "$(BUILT_PRODUCTS_DIR)/Common_Example.app/Common_Example";
				WRAPPER_EXTENSION = xctest;
			};
			name = Release;
		};
/* End XCBuildConfiguration section */

/* Begin XCConfigurationList section */
		6003F585195388D10070C39A /* Build configuration list for PBXProject "Common" */ = {
			isa = XCConfigurationList;
			buildConfigurations = (
				6003F5BD195388D20070C39A /* Debug */,
				6003F5BE195388D20070C39A /* Release */,
			);
			defaultConfigurationIsVisible = 0;
			defaultConfigurationName = Release;
		};
		6003F5BF195388D20070C39A /* Build configuration list for PBXNativeTarget "Common_Example" */ = {
			isa = XCConfigurationList;
			buildConfigurations = (
				6003F5C0195388D20070C39A /* Debug */,
				6003F5C1195388D20070C39A /* Release */,
			);
			defaultConfigurationIsVisible = 0;
			defaultConfigurationName = Release;
		};
		6003F5C2195388D20070C39A /* Build configuration list for PBXNativeTarget "Common_Tests" */ = {
			isa = XCConfigurationList;
			buildConfigurations = (
				6003F5C3195388D20070C39A /* Debug */,
				6003F5C4195388D20070C39A /* Release */,
			);
			defaultConfigurationIsVisible = 0;
			defaultConfigurationName = Release;
		};
/* End XCConfigurationList section */
	};
	rootObject = 6003F582195388D10070C39A /* Project object */;
}
